
Microsoft Visual Studio Solution File, Format Version 12.00
# Visual Studio Version 17
VisualStudioVersion = 17.5.002.0
MinimumVisualStudioVersion = 10.0.40219.1
Project("{9A19103F-16F7-4668-BE54-9A1E7A4F7556}") = "Sevian", "Sevian.csproj", "{8EA13D03-B590-450E-A7B9-3CB0967D6434}"
EndProject
Global
	GlobalSection(SolutionConfigurationPlatforms) = preSolution
		Debug|Any CPU = Debug|Any CPU
		Release|Any CPU = Release|Any CPU
	EndGlobalSection
	GlobalSection(ProjectConfigurationPlatforms) = postSolution
		{8EA13D03-B590-450E-A7B9-3CB0967D6434}.Debug|Any CPU.ActiveCfg = Debug|Any CPU
		{8EA13D03-B590-450E-A7B9-3CB0967D6434}.Debug|Any CPU.Build.0 = Debug|Any CPU
		{8EA13D03-B590-450E-A7B9-3CB0967D6434}.Release|Any CPU.ActiveCfg = Release|Any CPU
		{8EA13D03-B590-450E-A7B9-3CB0967D6434}.Release|Any CPU.Build.0 = Release|Any CPU
	EndGlobalSection
	GlobalSection(SolutionProperties) = preSolution
		HideSolutionNode = FALSE
	EndGlobalSection
	GlobalSection(ExtensibilityGlobals) = postSolution
		SolutionGuid = {0B78DC08-556C-4AD4-B546-6CD7617B850C}
	EndGlobalSection
EndGlobal
